
Microsoft Visual Studio Solution File, Format Version 12.00
# Visual Studio Version 16
VisualStudioVersion = 16.0.31019.35
MinimumVisualStudioVersion = 10.0.40219.1
Project("{FAE04EC0-301F-11D3-BF4B-00C04F79EFBC}") = "Client", "Client.csproj", "{21592C4F-AD3D-47BE-A4B4-DAA35DDD521C}"
EndProject
Project("{FAE04EC0-301F-11D3-BF4B-00C04F79EFBC}") = "CardUI", "..\CardUI\CardUI.csproj", "{7F06A553-EB78-49DE-BA4B-AECCC35D9F9F}"
EndProject
Project("{FAE04EC0-301F-11D3-BF4B-00C04F79EFBC}") = "CardLib", "..\CardLib\CardLib.csproj", "{A83D28B8-889B-425B-8C25-BE2B42284EC9}"
EndProject
Project("{FAE04EC0-301F-11D3-BF4B-00C04F79EFBC}") = "Logging", "..\Logging\Logging.csproj", "{FC9D57E9-AD20-4B7F-924E-34E38EAF2D99}"
EndProject
Project("{FAE04EC0-301F-11D3-BF4B-00C04F79EFBC}") = "ConsoleDurak", "..\ConsoleDurak\ConsoleDurak.csproj", "{D8F8401C-FCAD-4D49-8DBF-A8FC6D22A648}"
EndProject
Project("{FAE04EC0-301F-11D3-BF4B-00C04F79EFBC}") = "DurakLib", "..\DurakLib\DurakLib.csproj", "{9A945031-C9CF-4229-909D-9DDA9F117B71}"
EndProject
Global
	GlobalSection(SolutionConfigurationPlatforms) = preSolution
		Debug|Any CPU = Debug|Any CPU
		Release|Any CPU = Release|Any CPU
	EndGlobalSection
	GlobalSection(ProjectConfigurationPlatforms) = postSolution
		{21592C4F-AD3D-47BE-A4B4-DAA35DDD521C}.Debug|Any CPU.ActiveCfg = Debug|Any CPU
		{21592C4F-AD3D-47BE-A4B4-DAA35DDD521C}.Debug|Any CPU.Build.0 = Debug|Any CPU
		{21592C4F-AD3D-47BE-A4B4-DAA35DDD521C}.Release|Any CPU.ActiveCfg = Release|Any CPU
		{21592C4F-AD3D-47BE-A4B4-DAA35DDD521C}.Release|Any CPU.Build.0 = Release|Any CPU
		{7F06A553-EB78-49DE-BA4B-AECCC35D9F9F}.Debug|Any CPU.ActiveCfg = Debug|Any CPU
		{7F06A553-EB78-49DE-BA4B-AECCC35D9F9F}.Debug|Any CPU.Build.0 = Debug|Any CPU
		{7F06A553-EB78-49DE-BA4B-AECCC35D9F9F}.Release|Any CPU.ActiveCfg = Release|Any CPU
		{7F06A553-EB78-49DE-BA4B-AECCC35D9F9F}.Release|Any CPU.Build.0 = Release|Any CPU
		{A83D28B8-889B-425B-8C25-BE2B42284EC9}.Debug|Any CPU.ActiveCfg = Debug|Any CPU
		{A83D28B8-889B-425B-8C25-BE2B42284EC9}.Debug|Any CPU.Build.0 = Debug|Any CPU
		{A83D28B8-889B-425B-8C25-BE2B42284EC9}.Release|Any CPU.ActiveCfg = Release|Any CPU
		{A83D28B8-889B-425B-8C25-BE2B42284EC9}.Release|Any CPU.Build.0 = Release|Any CPU
		{FC9D57E9-AD20-4B7F-924E-34E38EAF2D99}.Debug|Any CPU.ActiveCfg = Debug|Any CPU
		{FC9D57E9-AD20-4B7F-924E-34E38EAF2D99}.Debug|Any CPU.Build.0 = Debug|Any CPU
		{FC9D57E9-AD20-4B7F-924E-34E38EAF2D99}.Release|Any CPU.ActiveCfg = Release|Any CPU
		{FC9D57E9-AD20-4B7F-924E-34E38EAF2D99}.Release|Any CPU.Build.0 = Release|Any CPU
		{D8F8401C-FCAD-4D49-8DBF-A8FC6D22A648}.Debug|Any CPU.ActiveCfg = Debug|Any CPU
		{D8F8401C-FCAD-4D49-8DBF-A8FC6D22A648}.Debug|Any CPU.Build.0 = Debug|Any CPU
		{D8F8401C-FCAD-4D49-8DBF-A8FC6D22A648}.Release|Any CPU.ActiveCfg = Release|Any CPU
		{D8F8401C-FCAD-4D49-8DBF-A8FC6D22A648}.Release|Any CPU.Build.0 = Release|Any CPU
		{9A945031-C9CF-4229-909D-9DDA9F117B71}.Debug|Any CPU.ActiveCfg = Debug|Any CPU
		{9A945031-C9CF-4229-909D-9DDA9F117B71}.Debug|Any CPU.Build.0 = Debug|Any CPU
		{9A945031-C9CF-4229-909D-9DDA9F117B71}.Release|Any CPU.ActiveCfg = Release|Any CPU
		{9A945031-C9CF-4229-909D-9DDA9F117B71}.Release|Any CPU.Build.0 = Release|Any CPU
	EndGlobalSection
	GlobalSection(SolutionProperties) = preSolution
		HideSolutionNode = FALSE
	EndGlobalSection
	GlobalSection(ExtensibilityGlobals) = postSolution
		SolutionGuid = {E09C3A4C-AA49-440D-850A-3C99D564CA49}
	EndGlobalSection
EndGlobal
